
Microsoft Visual Studio Solution File, Format Version 12.00
# Visual Studio Version 17
VisualStudioVersion = 17.6.33723.286
MinimumVisualStudioVersion = 10.0.40219.1
Project("{9A19103F-16F7-4668-BE54-9A1E7A4F7556}") = "DAL", "DAL\DAL.csproj", "{F4B6AD2A-3539-4378-B1A6-626C34E4B23C}"
EndProject
Project("{9A19103F-16F7-4668-BE54-9A1E7A4F7556}") = "CDA", "CDA\CDA.csproj", "{1F5C9B22-3C1E-410E-8319-DDA34843E65A}"
EndProject
Project("{9A19103F-16F7-4668-BE54-9A1E7A4F7556}") = "AnimalShelterApi", "AnimalShelterApi\AnimalShelterApi.csproj", "{1B32B2A3-B191-427C-B64B-8C9C7F201400}"
EndProject
Project("{9A19103F-16F7-4668-BE54-9A1E7A4F7556}") = "Commun", "Commun\Commun.csproj", "{796258A3-E174-4E4B-90C8-B91580831F96}"
EndProject
Global
	GlobalSection(SolutionConfigurationPlatforms) = preSolution
		Debug|Any CPU = Debug|Any CPU
		Release|Any CPU = Release|Any CPU
	EndGlobalSection
	GlobalSection(ProjectConfigurationPlatforms) = postSolution
		{F4B6AD2A-3539-4378-B1A6-626C34E4B23C}.Debug|Any CPU.ActiveCfg = Debug|Any CPU
		{F4B6AD2A-3539-4378-B1A6-626C34E4B23C}.Debug|Any CPU.Build.0 = Debug|Any CPU
		{F4B6AD2A-3539-4378-B1A6-626C34E4B23C}.Release|Any CPU.ActiveCfg = Release|Any CPU
		{F4B6AD2A-3539-4378-B1A6-626C34E4B23C}.Release|Any CPU.Build.0 = Release|Any CPU
		{1F5C9B22-3C1E-410E-8319-DDA34843E65A}.Debug|Any CPU.ActiveCfg = Debug|Any CPU
		{1F5C9B22-3C1E-410E-8319-DDA34843E65A}.Debug|Any CPU.Build.0 = Debug|Any CPU
		{1F5C9B22-3C1E-410E-8319-DDA34843E65A}.Release|Any CPU.ActiveCfg = Release|Any CPU
		{1F5C9B22-3C1E-410E-8319-DDA34843E65A}.Release|Any CPU.Build.0 = Release|Any CPU
		{1B32B2A3-B191-427C-B64B-8C9C7F201400}.Debug|Any CPU.ActiveCfg = Debug|Any CPU
		{1B32B2A3-B191-427C-B64B-8C9C7F201400}.Debug|Any CPU.Build.0 = Debug|Any CPU
		{1B32B2A3-B191-427C-B64B-8C9C7F201400}.Release|Any CPU.ActiveCfg = Release|Any CPU
		{1B32B2A3-B191-427C-B64B-8C9C7F201400}.Release|Any CPU.Build.0 = Release|Any CPU
		{796258A3-E174-4E4B-90C8-B91580831F96}.Debug|Any CPU.ActiveCfg = Debug|Any CPU
		{796258A3-E174-4E4B-90C8-B91580831F96}.Debug|Any CPU.Build.0 = Debug|Any CPU
		{796258A3-E174-4E4B-90C8-B91580831F96}.Release|Any CPU.ActiveCfg = Release|Any CPU
		{796258A3-E174-4E4B-90C8-B91580831F96}.Release|Any CPU.Build.0 = Release|Any CPU
	EndGlobalSection
	GlobalSection(SolutionProperties) = preSolution
		HideSolutionNode = FALSE
	EndGlobalSection
	GlobalSection(ExtensibilityGlobals) = postSolution
		SolutionGuid = {1BBEBC4D-4B95-410B-A235-675617B751C0}
	EndGlobalSection
EndGlobal
